<?xml version="1.0" encoding="utf-8"?>
<Project ToolsVersion="4.0" xmlns="http://schemas.microsoft.com/developer/msbuild/2003">
  <ItemGroup>
    <Filter Include="Source Files">
      <UniqueIdentifier>{4FC737F1-C7A5-4376-A066-2A32D752A2FF}</UniqueIdentifier>
      <Extensions>cpp;c;cc;cxx;c++;cppm;ixx;def;odl;idl;hpj;bat;asm;asmx</Extensions>
    </Filter>
    <Filter Include="Header Files">
      <UniqueIdentifier>{93995380-89BD-4b04-88EB-625FBE52EBFB}</UniqueIdentifier>
      <Extensions>h;hh;hpp;hxx;h++;hm;inl;inc;ipp;xsd</Extensions>
    </Filter>
    <Filter Include="Resource Files">
      <UniqueIdentifier>{67DA6AB6-F800-4c08-8B7A-83BB121AAD01}</UniqueIdentifier>
      <Extensions>rc;ico;cur;bmp;dlg;rc2;rct;bin;rgs;gif;jpg;jpeg;jpe;resx;tiff;tif;png;wav;mfcribbon-ms</Extensions>
    </Filter>
    <Filter Include="Source Files\math">
      <UniqueIdentifier>{c607be6d-1a1a-45b9-94df-25c7570b241d}</UniqueIdentifier>
    </Filter>
    <Filter Include="Source Files\renderer">
      <UniqueIdentifier>{6e2d8e09-a254-4673-9f77-068de8e120ee}</UniqueIdentifier>
    </Filter>
    <Filter Include="Source Files\shaders">
      <UniqueIdentifier>{008dfdb9-5fc2-4f54-99a8-b060b4ce1026}</UniqueIdentifier>
    </Filter>
    <Filter Include="Source Files\resources">
      <UniqueIdentifier>{bffbc2c9-7b36-477a-8f11-fd1c4c3677c3}</UniqueIdentifier>
    </Filter>
    <Filter Include="Source Files\particles">
      <UniqueIdentifier>{15ce6bb9-7805-468d-a0a9-5dd2fd038187}</UniqueIdentifier>
    </Filter>
    <Filter Include="Source Files\molecule">
      <UniqueIdentifier>{cfa5e083-c745-40b6-a15c-f940a7c3fba8}</UniqueIdentifier>
    </Filter>
    <Filter Include="Source Files\table">
      <UniqueIdentifier>{57f90dfb-9b34-4625-8242-fc6dfef79b5a}</UniqueIdentifier>
    </Filter>
    <Filter Include="Source Files\meshes">
      <UniqueIdentifier>{7569e95f-7ab8-44b8-b4dd-734e69f14a27}</UniqueIdentifier>
    </Filter>
  </ItemGroup>
  <ItemGroup>
    <ClCompile Include="Molecule Simulator.cpp">
      <Filter>Source Files</Filter>
    </ClCompile>
    <ClCompile Include="MathUtils.cpp">
      <Filter>Source Files\math</Filter>
    </ClCompile>
    <ClCompile Include="Renderer.cpp">
      <Filter>Source Files\renderer</Filter>
    </ClCompile>
    <ClCompile Include="..\external\glad\glad.c">
      <Filter>Source Files</Filter>
    </ClCompile>
    <ClCompile Include="Particle.cpp">
      <Filter>Source Files\particles</Filter>
    </ClCompile>
    <ClCompile Include="ParticleSystem.cpp">
      <Filter>Source Files\particles</Filter>
    </ClCompile>
    <ClCompile Include="Shader.cpp">
      <Filter>Source Files\renderer</Filter>
    </ClCompile>
    <ClCompile Include="Camera.cpp">
      <Filter>Source Files\renderer</Filter>
    </ClCompile>
    <ClCompile Include="Atom.cpp">
      <Filter>Source Files\molecule</Filter>
    </ClCompile>
    <ClCompile Include="AtomSystem.cpp">
      <Filter>Source Files\molecule</Filter>
    </ClCompile>
    <ClCompile Include="Bond.cpp">
      <Filter>Source Files\molecule</Filter>
    </ClCompile>
    <ClCompile Include="TextRenderer.cpp">
      <Filter>Source Files\renderer</Filter>
    </ClCompile>
    <ClCompile Include="ShaderLoader.cpp">
      <Filter>Source Files\renderer</Filter>
    </ClCompile>
    <ClCompile Include="PeriodicTable.cpp">
      <Filter>Source Files\table</Filter>
    </ClCompile>
    <ClCompile Include="Mesh.cpp">
      <Filter>Source Files\meshes</Filter>
    </ClCompile>
  </ItemGroup>
  <ItemGroup>
    <ClInclude Include="MathUtils.h">
      <Filter>Source Files\math</Filter>
    </ClInclude>
    <ClInclude Include="Renderer.h">
      <Filter>Source Files\renderer</Filter>
    </ClInclude>
    <ClInclude Include="..\external\glad\glad.h">
      <Filter>Header Files</Filter>
    </ClInclude>
    <ClInclude Include="..\external\KHR\khrplatform.h">
      <Filter>Header Files</Filter>
    </ClInclude>
    <ClInclude Include="Particle.h">
      <Filter>Source Files\particles</Filter>
    </ClInclude>
    <ClInclude Include="ParticleSystem.h">
      <Filter>Source Files\particles</Filter>
    </ClInclude>
    <ClInclude Include="Shader.h">
      <Filter>Source Files\renderer</Filter>
    </ClInclude>
    <ClInclude Include="Camera.h">
      <Filter>Source Files\renderer</Filter>
    </ClInclude>
    <ClInclude Include="Atom.h">
      <Filter>Source Files\molecule</Filter>
    </ClInclude>
    <ClInclude Include="AtomSystem.h">
      <Filter>Source Files\molecule</Filter>
    </ClInclude>
    <ClInclude Include="Bond.h">
      <Filter>Source Files\molecule</Filter>
    </ClInclude>
    <ClInclude Include="..\external\stb_easy_font.h">
      <Filter>Header Files</Filter>
    </ClInclude>
    <ClInclude Include="TextRenderer.h">
      <Filter>Source Files\renderer</Filter>
    </ClInclude>
    <ClInclude Include="ShaderLoader.h">
      <Filter>Source Files\renderer</Filter>
    </ClInclude>
    <ClInclude Include="PeriodicTable.h">
      <Filter>Source Files\table</Filter>
    </ClInclude>
    <ClInclude Include="Mesh.h">
      <Filter>Source Files\meshes</Filter>
    </ClInclude>
  </ItemGroup>
  <ItemGroup>
    <None Include="particle_vertex.glsl">
      <Filter>Source Files\shaders</Filter>
    </None>
    <None Include="particle_fragment.glsl">
      <Filter>Source Files\shaders</Filter>
    </None>
    <None Include="bond_vertex.glsl">
      <Filter>Source Files\shaders</Filter>
    </None>
    <None Include="bond_fragment.glsl">
      <Filter>Source Files\shaders</Filter>
    </None>
    <None Include="text.vert">
      <Filter>Source Files\shaders</Filter>
    </None>
    <None Include="text.frag">
      <Filter>Source Files\shaders</Filter>
    </None>
    <None Include="sphere.vert">
      <Filter>Source Files\shaders</Filter>
    </None>
    <None Include="sphere.frag">
      <Filter>Source Files\shaders</Filter>
    </None>
    <None Include="cyl.vert">
      <Filter>Source Files\shaders</Filter>
    </None>
    <None Include="cyl.frag">
      <Filter>Source Files\shaders</Filter>
    </None>
  </ItemGroup>
</Project>